
Microsoft Visual Studio Solution File, Format Version 12.00
# Visual Studio Version 16
VisualStudioVersion = 16.0.29613.14
MinimumVisualStudioVersion = 10.0.40219.1
Project("{8BC9CEB8-8B4A-11D0-8D11-00A0C91BC942}") = "Exceptions Part A Sam Spring", "Exceptions Part A Sam Spring\Exceptions Part A Sam Spring.vcxproj", "{322F8523-E7B7-43C7-9C62-708C399D8208}"
EndProject
Global
	GlobalSection(SolutionConfigurationPlatforms) = preSolution
		Debug|x64 = Debug|x64
		Debug|x86 = Debug|x86
		Release|x64 = Release|x64
		Release|x86 = Release|x86
	EndGlobalSection
	GlobalSection(ProjectConfigurationPlatforms) = postSolution
		{322F8523-E7B7-43C7-9C62-708C399D8208}.Debug|x64.ActiveCfg = Debug|x64
		{322F8523-E7B7-43C7-9C62-708C399D8208}.Debug|x64.Build.0 = Debug|x64
		{322F8523-E7B7-43C7-9C62-708C399D8208}.Debug|x86.ActiveCfg = Debug|Win32
		{322F8523-E7B7-43C7-9C62-708C399D8208}.Debug|x86.Build.0 = Debug|Win32
		{322F8523-E7B7-43C7-9C62-708C399D8208}.Release|x64.ActiveCfg = Release|x64
		{322F8523-E7B7-43C7-9C62-708C399D8208}.Release|x64.Build.0 = Release|x64
		{322F8523-E7B7-43C7-9C62-708C399D8208}.Release|x86.ActiveCfg = Release|Win32
		{322F8523-E7B7-43C7-9C62-708C399D8208}.Release|x86.Build.0 = Release|Win32
	EndGlobalSection
	GlobalSection(SolutionProperties) = preSolution
		HideSolutionNode = FALSE
	EndGlobalSection
	GlobalSection(ExtensibilityGlobals) = postSolution
		SolutionGuid = {CABD60D9-CA8A-4BBA-9046-73CE1AB2452D}
	EndGlobalSection
EndGlobal
